
Microsoft Visual Studio Solution File, Format Version 11.00
# Visual Studio 2010
Project("{FAE04EC0-301F-11D3-BF4B-00C04F79EFBC}") = "Corpus Builder", "Corpus Builder\Corpus Builder.csproj", "{64E8CD9C-EAB2-4A86-91DF-3131C6EE4B48}"
EndProject
Project("{FAE04EC0-301F-11D3-BF4B-00C04F79EFBC}") = "Tagger", "Tagger\Tagger.csproj", "{75547E0A-6BB4-4202-9C6C-8F24070C8891}"
EndProject
Project("{FAE04EC0-301F-11D3-BF4B-00C04F79EFBC}") = "VerbInflector", "VerbInflector\VerbInflector.csproj", "{59167913-EB7C-41FB-806B-390D964FD605}"
EndProject
Project("{FAE04EC0-301F-11D3-BF4B-00C04F79EFBC}") = "DependencyBasedSentenceAnalyzer", "DependencyBasedSentenceAnalyzer\DependencyBasedSentenceAnalyzer.csproj", "{EC042F65-6EFB-4DD7-B394-81DB34217180}"
EndProject
Global
	GlobalSection(SolutionConfigurationPlatforms) = preSolution
		Debug|x86 = Debug|x86
		Release|x86 = Release|x86
	EndGlobalSection
	GlobalSection(ProjectConfigurationPlatforms) = postSolution
		{64E8CD9C-EAB2-4A86-91DF-3131C6EE4B48}.Debug|x86.ActiveCfg = Debug|x86
		{64E8CD9C-EAB2-4A86-91DF-3131C6EE4B48}.Debug|x86.Build.0 = Debug|x86
		{64E8CD9C-EAB2-4A86-91DF-3131C6EE4B48}.Release|x86.ActiveCfg = Release|x86
		{64E8CD9C-EAB2-4A86-91DF-3131C6EE4B48}.Release|x86.Build.0 = Release|x86
		{75547E0A-6BB4-4202-9C6C-8F24070C8891}.Debug|x86.ActiveCfg = Debug|x86
		{75547E0A-6BB4-4202-9C6C-8F24070C8891}.Debug|x86.Build.0 = Debug|x86
		{75547E0A-6BB4-4202-9C6C-8F24070C8891}.Release|x86.ActiveCfg = Release|x86
		{75547E0A-6BB4-4202-9C6C-8F24070C8891}.Release|x86.Build.0 = Release|x86
		{59167913-EB7C-41FB-806B-390D964FD605}.Debug|x86.ActiveCfg = Debug|x86
		{59167913-EB7C-41FB-806B-390D964FD605}.Debug|x86.Build.0 = Debug|x86
		{59167913-EB7C-41FB-806B-390D964FD605}.Release|x86.ActiveCfg = Release|x86
		{59167913-EB7C-41FB-806B-390D964FD605}.Release|x86.Build.0 = Release|x86
		{EC042F65-6EFB-4DD7-B394-81DB34217180}.Debug|x86.ActiveCfg = Debug|x86
		{EC042F65-6EFB-4DD7-B394-81DB34217180}.Debug|x86.Build.0 = Debug|x86
		{EC042F65-6EFB-4DD7-B394-81DB34217180}.Release|x86.ActiveCfg = Release|x86
		{EC042F65-6EFB-4DD7-B394-81DB34217180}.Release|x86.Build.0 = Release|x86
	EndGlobalSection
	GlobalSection(SolutionProperties) = preSolution
		HideSolutionNode = FALSE
	EndGlobalSection
EndGlobal
